
Microsoft Visual Studio Solution File, Format Version 12.00
# Visual Studio Version 17
VisualStudioVersion = 17.8.34511.84
MinimumVisualStudioVersion = 10.0.40219.1
Project("{FAE04EC0-301F-11D3-BF4B-00C04F79EFBC}") = "bankingAPP_OOPS", "bankingAPP_OOPS\bankingAPP_OOPS.csproj", "{AC739EBF-B370-42FA-8E64-D4680A4D36AB}"
EndProject
Global
	GlobalSection(SolutionConfigurationPlatforms) = preSolution
		Debug|Any CPU = Debug|Any CPU
		Release|Any CPU = Release|Any CPU
	EndGlobalSection
	GlobalSection(ProjectConfigurationPlatforms) = postSolution
		{AC739EBF-B370-42FA-8E64-D4680A4D36AB}.Debug|Any CPU.ActiveCfg = Debug|Any CPU
		{AC739EBF-B370-42FA-8E64-D4680A4D36AB}.Debug|Any CPU.Build.0 = Debug|Any CPU
		{AC739EBF-B370-42FA-8E64-D4680A4D36AB}.Release|Any CPU.ActiveCfg = Release|Any CPU
		{AC739EBF-B370-42FA-8E64-D4680A4D36AB}.Release|Any CPU.Build.0 = Release|Any CPU
	EndGlobalSection
	GlobalSection(SolutionProperties) = preSolution
		HideSolutionNode = FALSE
	EndGlobalSection
	GlobalSection(ExtensibilityGlobals) = postSolution
		SolutionGuid = {D11092D6-FCC4-43BB-96AA-50C1A0D7AE64}
	EndGlobalSection
EndGlobal
